// !$*UTF8*$!
{
	archiveVersion = 1;
	classes = {
	};
	objectVersion = 55;
	objects = {

/* Begin PBXBuildFile section */
		9B01B115280C3AED0028551B /* AppDelegate.swift in Sources */ = {isa = PBXBuildFile; fileRef = 9B01B114280C3AED0028551B /* AppDelegate.swift */; };
		9B01B117280C3AED0028551B /* SceneDelegate.swift in Sources */ = {isa = PBXBuildFile; fileRef = 9B01B116280C3AED0028551B /* SceneDelegate.swift */; };
		9B01B119280C3AED0028551B /* ExploreViewController.swift in Sources */ = {isa = PBXBuildFile; fileRef = 9B01B118280C3AED0028551B /* ExploreViewController.swift */; };
		9B01B11E280C3AEE0028551B /* Assets.xcassets in Resources */ = {isa = PBXBuildFile; fileRef = 9B01B11D280C3AEE0028551B /* Assets.xcassets */; };
		9B01B129280C3B1F0028551B /* LaunchScreen.storyboard in Resources */ = {isa = PBXBuildFile; fileRef = 9B01B128280C3B1F0028551B /* LaunchScreen.storyboard */; };
		9B01B12B280C486E0028551B /* ImageCell.swift in Sources */ = {isa = PBXBuildFile; fileRef = 9B01B12A280C486E0028551B /* ImageCell.swift */; };
		9B01B12E280C4AD70028551B /* CacheManager.swift in Sources */ = {isa = PBXBuildFile; fileRef = 9B01B12C280C4AD70028551B /* CacheManager.swift */; };
		9B01B12F280C4AD70028551B /* ImageFetchingManager.swift in Sources */ = {isa = PBXBuildFile; fileRef = 9B01B12D280C4AD70028551B /* ImageFetchingManager.swift */; };
		9B01B131280C4AF20028551B /* ImageMetaData.swift in Sources */ = {isa = PBXBuildFile; fileRef = 9B01B130280C4AF20028551B /* ImageMetaData.swift */; };
		9B01B133280C533A0028551B /* ExploreViewModel.swift in Sources */ = {isa = PBXBuildFile; fileRef = 9B01B132280C533A0028551B /* ExploreViewModel.swift */; };
		9B01B135280CF9470028551B /* ImageCellViewModel.swift in Sources */ = {isa = PBXBuildFile; fileRef = 9B01B134280CF9470028551B /* ImageCellViewModel.swift */; };
		9B01B13C280CFADC0028551B /* Process.swift in Sources */ = {isa = PBXBuildFile; fileRef = 9B01B13B280CFADC0028551B /* Process.swift */; };
/* End PBXBuildFile section */

/* Begin PBXFileReference section */
		9B01B111280C3AED0028551B /* InfiniteUnsplash.app */ = {isa = PBXFileReference; explicitFileType = wrapper.application; includeInIndex = 0; path = InfiniteUnsplash.app; sourceTree = BUILT_PRODUCTS_DIR; };
		9B01B114280C3AED0028551B /* AppDelegate.swift */ = {isa = PBXFileReference; lastKnownFileType = sourcecode.swift; path = AppDelegate.swift; sourceTree = "<group>"; };
		9B01B116280C3AED0028551B /* SceneDelegate.swift */ = {isa = PBXFileReference; lastKnownFileType = sourcecode.swift; path = SceneDelegate.swift; sourceTree = "<group>"; };
		9B01B118280C3AED0028551B /* ExploreViewController.swift */ = {isa = PBXFileReference; lastKnownFileType = sourcecode.swift; path = ExploreViewController.swift; sourceTree = "<group>"; };
		9B01B11D280C3AEE0028551B /* Assets.xcassets */ = {isa = PBXFileReference; lastKnownFileType = folder.assetcatalog; path = Assets.xcassets; sourceTree = "<group>"; };
		9B01B122280C3AEE0028551B /* Info.plist */ = {isa = PBXFileReference; lastKnownFileType = text.plist.xml; path = Info.plist; sourceTree = "<group>"; };
		9B01B128280C3B1F0028551B /* LaunchScreen.storyboard */ = {isa = PBXFileReference; fileEncoding = 4; lastKnownFileType = file.storyboard; path = LaunchScreen.storyboard; sourceTree = "<group>"; };
		9B01B12A280C486E0028551B /* ImageCell.swift */ = {isa = PBXFileReference; fileEncoding = 4; lastKnownFileType = sourcecode.swift; path = ImageCell.swift; sourceTree = "<group>"; };
		9B01B12C280C4AD70028551B /* CacheManager.swift */ = {isa = PBXFileReference; fileEncoding = 4; lastKnownFileType = sourcecode.swift; path = CacheManager.swift; sourceTree = "<group>"; };
		9B01B12D280C4AD70028551B /* ImageFetchingManager.swift */ = {isa = PBXFileReference; fileEncoding = 4; lastKnownFileType = sourcecode.swift; path = ImageFetchingManager.swift; sourceTree = "<group>"; };
		9B01B130280C4AF20028551B /* ImageMetaData.swift */ = {isa = PBXFileReference; fileEncoding = 4; lastKnownFileType = sourcecode.swift; path = ImageMetaData.swift; sourceTree = "<group>"; };
		9B01B132280C533A0028551B /* ExploreViewModel.swift */ = {isa = PBXFileReference; fileEncoding = 4; lastKnownFileType = sourcecode.swift; path = ExploreViewModel.swift; sourceTree = "<group>"; };
		9B01B134280CF9470028551B /* ImageCellViewModel.swift */ = {isa = PBXFileReference; fileEncoding = 4; lastKnownFileType = sourcecode.swift; path = ImageCellViewModel.swift; sourceTree = "<group>"; };
		9B01B13B280CFADC0028551B /* Process.swift */ = {isa = PBXFileReference; fileEncoding = 4; lastKnownFileType = sourcecode.swift; path = Process.swift; sourceTree = "<group>"; };
/* End PBXFileReference section */

/* Begin PBXFrameworksBuildPhase section */
		9B01B10E280C3AED0028551B /* Frameworks */ = {
			isa = PBXFrameworksBuildPhase;
			buildActionMask = 2147483647;
			files = (
			);
			runOnlyForDeploymentPostprocessing = 0;
		};
/* End PBXFrameworksBuildPhase section */

/* Begin PBXGroup section */
		9B01B108280C3AED0028551B = {
			isa = PBXGroup;
			children = (
				9B01B113280C3AED0028551B /* InfiniteUnsplash */,
				9B01B112280C3AED0028551B /* Products */,
			);
			sourceTree = "<group>";
		};
		9B01B112280C3AED0028551B /* Products */ = {
			isa = PBXGroup;
			children = (
				9B01B111280C3AED0028551B /* InfiniteUnsplash.app */,
			);
			name = Products;
			sourceTree = "<group>";
		};
		9B01B113280C3AED0028551B /* InfiniteUnsplash */ = {
			isa = PBXGroup;
			children = (
				9B01B13A280CFACE0028551B /* Common */,
				9B01B139280CF9910028551B /* Model */,
				9B01B138280CF9870028551B /* Managers */,
				9B01B137280CF9790028551B /* Explore view */,
				9B01B136280CF9680028551B /* Cell */,
				9B01B122280C3AEE0028551B /* Info.plist */,
				9B01B128280C3B1F0028551B /* LaunchScreen.storyboard */,
				9B01B114280C3AED0028551B /* AppDelegate.swift */,
				9B01B116280C3AED0028551B /* SceneDelegate.swift */,
				9B01B11D280C3AEE0028551B /* Assets.xcassets */,
			);
			path = InfiniteUnsplash;
			sourceTree = "<group>";
		};
		9B01B136280CF9680028551B /* Cell */ = {
			isa = PBXGroup;
			children = (
				9B01B12A280C486E0028551B /* ImageCell.swift */,
				9B01B134280CF9470028551B /* ImageCellViewModel.swift */,
			);
			path = Cell;
			sourceTree = "<group>";
		};
		9B01B137280CF9790028551B /* Explore view */ = {
			isa = PBXGroup;
			children = (
				9B01B118280C3AED0028551B /* ExploreViewController.swift */,
				9B01B132280C533A0028551B /* ExploreViewModel.swift */,
			);
			path = "Explore view";
			sourceTree = "<group>";
		};
		9B01B138280CF9870028551B /* Managers */ = {
			isa = PBXGroup;
			children = (
				9B01B12C280C4AD70028551B /* CacheManager.swift */,
				9B01B12D280C4AD70028551B /* ImageFetchingManager.swift */,
			);
			path = Managers;
			sourceTree = "<group>";
		};
		9B01B139280CF9910028551B /* Model */ = {
			isa = PBXGroup;
			children = (
				9B01B130280C4AF20028551B /* ImageMetaData.swift */,
			);
			path = Model;
			sourceTree = "<group>";
		};
		9B01B13A280CFACE0028551B /* Common */ = {
			isa = PBXGroup;
			children = (
				9B01B13B280CFADC0028551B /* Process.swift */,
			);
			path = Common;
			sourceTree = "<group>";
		};
/* End PBXGroup section */

/* Begin PBXNativeTarget section */
		9B01B110280C3AED0028551B /* InfiniteUnsplash */ = {
			isa = PBXNativeTarget;
			buildConfigurationList = 9B01B125280C3AEE0028551B /* Build configuration list for PBXNativeTarget "InfiniteUnsplash" */;
			buildPhases = (
				9B01B10D280C3AED0028551B /* Sources */,
				9B01B10E280C3AED0028551B /* Frameworks */,
				9B01B10F280C3AED0028551B /* Resources */,
			);
			buildRules = (
			);
			dependencies = (
			);
			name = InfiniteUnsplash;
			productName = InfiniteUnsplash;
			productReference = 9B01B111280C3AED0028551B /* InfiniteUnsplash.app */;
			productType = "com.apple.product-type.application";
		};
/* End PBXNativeTarget section */

/* Begin PBXProject section */
		9B01B109280C3AED0028551B /* Project object */ = {
			isa = PBXProject;
			attributes = {
				BuildIndependentTargetsInParallel = 1;
				LastSwiftUpdateCheck = 1330;
				LastUpgradeCheck = 1330;
				TargetAttributes = {
					9B01B110280C3AED0028551B = {
						CreatedOnToolsVersion = 13.3.1;
					};
				};
			};
			buildConfigurationList = 9B01B10C280C3AED0028551B /* Build configuration list for PBXProject "InfiniteUnsplash" */;
			compatibilityVersion = "Xcode 13.0";
			developmentRegion = en;
			hasScannedForEncodings = 0;
			knownRegions = (
				en,
				Base,
			);
			mainGroup = 9B01B108280C3AED0028551B;
			productRefGroup = 9B01B112280C3AED0028551B /* Products */;
			projectDirPath = "";
			projectRoot = "";
			targets = (
				9B01B110280C3AED0028551B /* InfiniteUnsplash */,
			);
		};
/* End PBXProject section */

/* Begin PBXResourcesBuildPhase section */
		9B01B10F280C3AED0028551B /* Resources */ = {
			isa = PBXResourcesBuildPhase;
			buildActionMask = 2147483647;
			files = (
				9B01B11E280C3AEE0028551B /* Assets.xcassets in Resources */,
				9B01B129280C3B1F0028551B /* LaunchScreen.storyboard in Resources */,
			);
			runOnlyForDeploymentPostprocessing = 0;
		};
/* End PBXResourcesBuildPhase section */

/* Begin PBXSourcesBuildPhase section */
		9B01B10D280C3AED0028551B /* Sources */ = {
			isa = PBXSourcesBuildPhase;
			buildActionMask = 2147483647;
			files = (
				9B01B119280C3AED0028551B /* ExploreViewController.swift in Sources */,
				9B01B13C280CFADC0028551B /* Process.swift in Sources */,
				9B01B131280C4AF20028551B /* ImageMetaData.swift in Sources */,
				9B01B12E280C4AD70028551B /* CacheManager.swift in Sources */,
				9B01B12B280C486E0028551B /* ImageCell.swift in Sources */,
				9B01B133280C533A0028551B /* ExploreViewModel.swift in Sources */,
				9B01B135280CF9470028551B /* ImageCellViewModel.swift in Sources */,
				9B01B115280C3AED0028551B /* AppDelegate.swift in Sources */,
				9B01B117280C3AED0028551B /* SceneDelegate.swift in Sources */,
				9B01B12F280C4AD70028551B /* ImageFetchingManager.swift in Sources */,
			);
			runOnlyForDeploymentPostprocessing = 0;
		};
/* End PBXSourcesBuildPhase section */

/* Begin XCBuildConfiguration section */
		9B01B123280C3AEE0028551B /* Debug */ = {
			isa = XCBuildConfiguration;
			buildSettings = {
				ALWAYS_SEARCH_USER_PATHS = NO;
				CLANG_ANALYZER_NONNULL = YES;
				CLANG_ANALYZER_NUMBER_OBJECT_CONVERSION = YES_AGGRESSIVE;
				CLANG_CXX_LANGUAGE_STANDARD = "gnu++17";
				CLANG_ENABLE_MODULES = YES;
				CLANG_ENABLE_OBJC_ARC = YES;
				CLANG_ENABLE_OBJC_WEAK = YES;
				CLANG_WARN_BLOCK_CAPTURE_AUTORELEASING = YES;
				CLANG_WARN_BOOL_CONVERSION = YES;
				CLANG_WARN_COMMA = YES;
				CLANG_WARN_CONSTANT_CONVERSION = YES;
				CLANG_WARN_DEPRECATED_OBJC_IMPLEMENTATIONS = YES;
				CLANG_WARN_DIRECT_OBJC_ISA_USAGE = YES_ERROR;
				CLANG_WARN_DOCUMENTATION_COMMENTS = YES;
				CLANG_WARN_EMPTY_BODY = YES;
				CLANG_WARN_ENUM_CONVERSION = YES;
				CLANG_WARN_INFINITE_RECURSION = YES;
				CLANG_WARN_INT_CONVERSION = YES;
				CLANG_WARN_NON_LITERAL_NULL_CONVERSION = YES;
				CLANG_WARN_OBJC_IMPLICIT_RETAIN_SELF = YES;
				CLANG_WARN_OBJC_LITERAL_CONVERSION = YES;
				CLANG_WARN_OBJC_ROOT_CLASS = YES_ERROR;
				CLANG_WARN_QUOTED_INCLUDE_IN_FRAMEWORK_HEADER = YES;
				CLANG_WARN_RANGE_LOOP_ANALYSIS = YES;
				CLANG_WARN_STRICT_PROTOTYPES = YES;
				CLANG_WARN_SUSPICIOUS_MOVE = YES;
				CLANG_WARN_UNGUARDED_AVAILABILITY = YES_AGGRESSIVE;
				CLANG_WARN_UNREACHABLE_CODE = YES;
				CLANG_WARN__DUPLICATE_METHOD_MATCH = YES;
				COPY_PHASE_STRIP = NO;
				DEBUG_INFORMATION_FORMAT = dwarf;
				ENABLE_STRICT_OBJC_MSGSEND = YES;
				ENABLE_TESTABILITY = YES;
				GCC_C_LANGUAGE_STANDARD = gnu11;
				GCC_DYNAMIC_NO_PIC = NO;
				GCC_NO_COMMON_BLOCKS = YES;
				GCC_OPTIMIZATION_LEVEL = 0;
				GCC_PREPROCESSOR_DEFINITIONS = (
					"DEBUG=1",
					"$(inherited)",
				);
				GCC_WARN_64_TO_32_BIT_CONVERSION = YES;
				GCC_WARN_ABOUT_RETURN_TYPE = YES_ERROR;
				GCC_WARN_UNDECLARED_SELECTOR = YES;
				GCC_WARN_UNINITIALIZED_AUTOS = YES_AGGRESSIVE;
				GCC_WARN_UNUSED_FUNCTION = YES;
				GCC_WARN_UNUSED_VARIABLE = YES;
				IPHONEOS_DEPLOYMENT_TARGET = 15.4;
				MTL_ENABLE_DEBUG_INFO = INCLUDE_SOURCE;
				MTL_FAST_MATH = YES;
				ONLY_ACTIVE_ARCH = YES;
				SDKROOT = iphoneos;
				SWIFT_ACTIVE_COMPILATION_CONDITIONS = DEBUG;
				SWIFT_OPTIMIZATION_LEVEL = "-Onone";
			};
			name = Debug;
		};
		9B01B124280C3AEE0028551B /* Release */ = {
			isa = XCBuildConfiguration;
			buildSettings = {
				ALWAYS_SEARCH_USER_PATHS = NO;
				CLANG_ANALYZER_NONNULL = YES;
				CLANG_ANALYZER_NUMBER_OBJECT_CONVERSION = YES_AGGRESSIVE;
				CLANG_CXX_LANGUAGE_STANDARD = "gnu++17";
				CLANG_ENABLE_MODULES = YES;
				CLANG_ENABLE_OBJC_ARC = YES;
				CLANG_ENABLE_OBJC_WEAK = YES;
				CLANG_WARN_BLOCK_CAPTURE_AUTORELEASING = YES;
				CLANG_WARN_BOOL_CONVERSION = YES;
				CLANG_WARN_COMMA = YES;
				CLANG_WARN_CONSTANT_CONVERSION = YES;
				CLANG_WARN_DEPRECATED_OBJC_IMPLEMENTATIONS = YES;
				CLANG_WARN_DIRECT_OBJC_ISA_USAGE = YES_ERROR;
				CLANG_WARN_DOCUMENTATION_COMMENTS = YES;
				CLANG_WARN_EMPTY_BODY = YES;
				CLANG_WARN_ENUM_CONVERSION = YES;
				CLANG_WARN_INFINITE_RECURSION = YES;
				CLANG_WARN_INT_CONVERSION = YES;
				CLANG_WARN_NON_LITERAL_NULL_CONVERSION = YES;
				CLANG_WARN_OBJC_IMPLICIT_RETAIN_SELF = YES;
				CLANG_WARN_OBJC_LITERAL_CONVERSION = YES;
				CLANG_WARN_OBJC_ROOT_CLASS = YES_ERROR;
				CLANG_WARN_QUOTED_INCLUDE_IN_FRAMEWORK_HEADER = YES;
				CLANG_WARN_RANGE_LOOP_ANALYSIS = YES;
				CLANG_WARN_STRICT_PROTOTYPES = YES;
				CLANG_WARN_SUSPICIOUS_MOVE = YES;
				CLANG_WARN_UNGUARDED_AVAILABILITY = YES_AGGRESSIVE;
				CLANG_WARN_UNREACHABLE_CODE = YES;
				CLANG_WARN__DUPLICATE_METHOD_MATCH = YES;
				COPY_PHASE_STRIP = NO;
				DEBUG_INFORMATION_FORMAT = "dwarf-with-dsym";
				ENABLE_NS_ASSERTIONS = NO;
				ENABLE_STRICT_OBJC_MSGSEND = YES;
				GCC_C_LANGUAGE_STANDARD = gnu11;
				GCC_NO_COMMON_BLOCKS = YES;
				GCC_WARN_64_TO_32_BIT_CONVERSION = YES;
				GCC_WARN_ABOUT_RETURN_TYPE = YES_ERROR;
				GCC_WARN_UNDECLARED_SELECTOR = YES;
				GCC_WARN_UNINITIALIZED_AUTOS = YES_AGGRESSIVE;
				GCC_WARN_UNUSED_FUNCTION = YES;
				GCC_WARN_UNUSED_VARIABLE = YES;
				IPHONEOS_DEPLOYMENT_TARGET = 15.4;
				MTL_ENABLE_DEBUG_INFO = NO;
				MTL_FAST_MATH = YES;
				SDKROOT = iphoneos;
				SWIFT_COMPILATION_MODE = wholemodule;
				SWIFT_OPTIMIZATION_LEVEL = "-O";
				VALIDATE_PRODUCT = YES;
			};
			name = Release;
		};
		9B01B126280C3AEE0028551B /* Debug */ = {
			isa = XCBuildConfiguration;
			buildSettings = {
				ASSETCATALOG_COMPILER_APPICON_NAME = AppIcon;
				ASSETCATALOG_COMPILER_GLOBAL_ACCENT_COLOR_NAME = AccentColor;
				CODE_SIGN_STYLE = Automatic;
				CURRENT_PROJECT_VERSION = 1;
				DEVELOPMENT_TEAM = W6QHM4Y43Z;
				GENERATE_INFOPLIST_FILE = YES;
				INFOPLIST_FILE = InfiniteUnsplash/Info.plist;
				INFOPLIST_KEY_UIApplicationSupportsIndirectInputEvents = YES;
				INFOPLIST_KEY_UILaunchStoryboardName = LaunchScreen;
				INFOPLIST_KEY_UISupportedInterfaceOrientations_iPad = "UIInterfaceOrientationPortrait UIInterfaceOrientationPortraitUpsideDown UIInterfaceOrientationLandscapeLeft UIInterfaceOrientationLandscapeRight";
				INFOPLIST_KEY_UISupportedInterfaceOrientations_iPhone = "UIInterfaceOrientationPortrait UIInterfaceOrientationLandscapeLeft UIInterfaceOrientationLandscapeRight";
				LD_RUNPATH_SEARCH_PATHS = (
					"$(inherited)",
					"@executable_path/Frameworks",
				);
				MARKETING_VERSION = 1.0;
				PRODUCT_BUNDLE_IDENTIFIER = com.enebin.InfiniteUnsplash;
				PRODUCT_NAME = "$(TARGET_NAME)";
				SWIFT_EMIT_LOC_STRINGS = YES;
				SWIFT_VERSION = 5.0;
				TARGETED_DEVICE_FAMILY = "1,2";
			};
			name = Debug;
		};
		9B01B127280C3AEE0028551B /* Release */ = {
			isa = XCBuildConfiguration;
			buildSettings = {
				ASSETCATALOG_COMPILER_APPICON_NAME = AppIcon;
				ASSETCATALOG_COMPILER_GLOBAL_ACCENT_COLOR_NAME = AccentColor;
				CODE_SIGN_STYLE = Automatic;
				CURRENT_PROJECT_VERSION = 1;
				DEVELOPMENT_TEAM = W6QHM4Y43Z;
				GENERATE_INFOPLIST_FILE = YES;
				INFOPLIST_FILE = InfiniteUnsplash/Info.plist;
				INFOPLIST_KEY_UIApplicationSupportsIndirectInputEvents = YES;
				INFOPLIST_KEY_UILaunchStoryboardName = LaunchScreen;
				INFOPLIST_KEY_UISupportedInterfaceOrientations_iPad = "UIInterfaceOrientationPortrait UIInterfaceOrientationPortraitUpsideDown UIInterfaceOrientationLandscapeLeft UIInterfaceOrientationLandscapeRight";
				INFOPLIST_KEY_UISupportedInterfaceOrientations_iPhone = "UIInterfaceOrientationPortrait UIInterfaceOrientationLandscapeLeft UIInterfaceOrientationLandscapeRight";
				LD_RUNPATH_SEARCH_PATHS = (
					"$(inherited)",
					"@executable_path/Frameworks",
				);
				MARKETING_VERSION = 1.0;
				PRODUCT_BUNDLE_IDENTIFIER = com.enebin.InfiniteUnsplash;
				PRODUCT_NAME = "$(TARGET_NAME)";
				SWIFT_EMIT_LOC_STRINGS = YES;
				SWIFT_VERSION = 5.0;
				TARGETED_DEVICE_FAMILY = "1,2";
			};
			name = Release;
		};
/* End XCBuildConfiguration section */

/* Begin XCConfigurationList section */
		9B01B10C280C3AED0028551B /* Build configuration list for PBXProject "InfiniteUnsplash" */ = {
			isa = XCConfigurationList;
			buildConfigurations = (
				9B01B123280C3AEE0028551B /* Debug */,
				9B01B124280C3AEE0028551B /* Release */,
			);
			defaultConfigurationIsVisible = 0;
			defaultConfigurationName = Release;
		};
		9B01B125280C3AEE0028551B /* Build configuration list for PBXNativeTarget "InfiniteUnsplash" */ = {
			isa = XCConfigurationList;
			buildConfigurations = (
				9B01B126280C3AEE0028551B /* Debug */,
				9B01B127280C3AEE0028551B /* Release */,
			);
			defaultConfigurationIsVisible = 0;
			defaultConfigurationName = Release;
		};
/* End XCConfigurationList section */
	};
	rootObject = 9B01B109280C3AED0028551B /* Project object */;
}
